version = 1
revision = 3
requires-python = ">=3.12"

[[package]]
name = "bottle"
version = "0.13.4"
source = { registry = "https://pypi.org/simple" }
sdist = { url = "https://files.pythonhosted.org/packages/7a/71/cca6167c06d00c81375fd668719df245864076d284f7cb46a694cbeb5454/bottle-0.13.4.tar.gz", hash = "sha256:787e78327e12b227938de02248333d788cfe45987edca735f8f88e03472c3f47", size = 98717, upload-time = "2025-06-15T10:08:59.439Z" }
wheels = [
    { url = "https://files.pythonhosted.org/packages/83/f6/b55ec74cfe68c6584163faa311503c20b0da4c09883a41e8e00d6726c954/bottle-0.13.4-py2.py3-none-any.whl", hash = "sha256:045684fbd2764eac9cdeb824861d1551d113e8b683d8d26e296898d3dd99a12e", size = 103807, upload-time = "2025-06-15T10:08:57.691Z" },
]

[[package]]
name = "iot-daemonize"
version = "0.1.0"
source = { registry = "https://pypi.org/simple" }
dependencies = [
    { name = "bottle" },
    { name = "paho-mqtt" },
]
sdist = { url = "https://files.pythonhosted.org/packages/63/21/fd8e0ea5dd167942f1803e5c6b60f50a97ab6f29ab066b764bf8a4370423/iot_daemonize-0.1.0.tar.gz", hash = "sha256:577d6cb60125dcb15ac45d136278307919570850616cf6a38f04dd634a8b4aa4", size = 10495, upload-time = "2025-09-13T18:46:48.611Z" }
wheels = [
    { url = "https://files.pythonhosted.org/packages/1e/80/a84bbc77a0262f8a596e107c6ad66d039d71ee7604849b2c7db8ed756e09/iot_daemonize-0.1.0-py3-none-any.whl", hash = "sha256:282d3b4a866fb0fc4818b289abd7bd4a8e4e0ad26d0c57e26ec4d0f1331c1ead", size = 8468, upload-time = "2025-09-13T18:46:47.259Z" },
]

[[package]]
name = "paho-mqtt"
version = "2.1.0"
source = { registry = "https://pypi.org/simple" }
sdist = { url = "https://files.pythonhosted.org/packages/39/15/0a6214e76d4d32e7f663b109cf71fb22561c2be0f701d67f93950cd40542/paho_mqtt-2.1.0.tar.gz", hash = "sha256:12d6e7511d4137555a3f6ea167ae846af2c7357b10bc6fa4f7c3968fc1723834", size = 148848, upload-time = "2024-04-29T19:52:55.591Z" }
wheels = [
    { url = "https://files.pythonhosted.org/packages/c4/cb/00451c3cf31790287768bb12c6bec834f5d292eaf3022afc88e14b8afc94/paho_mqtt-2.1.0-py3-none-any.whl", hash = "sha256:6db9ba9b34ed5bc6b6e3812718c7e06e2fd7444540df2455d2c51bd58808feee", size = 67219, upload-time = "2024-04-29T19:52:48.345Z" },
]

[[package]]
name = "pyasn1"
version = "0.6.2"
source = { registry = "https://pypi.org/simple" }
sdist = { url = "https://files.pythonhosted.org/packages/fe/b6/6e630dff89739fcd427e3f72b3d905ce0acb85a45d4ec3e2678718a3487f/pyasn1-0.6.2.tar.gz", hash = "sha256:9b59a2b25ba7e4f8197db7686c09fb33e658b98339fadb826e9512629017833b", size = 146586, upload-time = "2026-01-16T18:04:18.534Z" }
wheels = [
    { url = "https://files.pythonhosted.org/packages/44/b5/a96872e5184f354da9c84ae119971a0a4c221fe9b27a4d94bd43f2596727/pyasn1-0.6.2-py3-none-any.whl", hash = "sha256:1eb26d860996a18e9b6ed05e7aae0e9fc21619fcee6af91cca9bad4fbea224bf", size = 83371, upload-time = "2026-01-16T18:04:17.174Z" },
]

[[package]]
name = "pysnmp"
version = "7.1.22"
source = { registry = "https://pypi.org/simple" }
dependencies = [
    { name = "pyasn1" },
]
sdist = { url = "https://files.pythonhosted.org/packages/c5/f7/63a4833b675f3f85296d85f2fddaed93d76799f29a813a2d5ca2bbe7fc50/pysnmp-7.1.22.tar.gz", hash = "sha256:37ac595c7f0c1c00514505939b4dcf5b4fd5a9ffe51b0349f60bb640c11b0f77", size = 259230, upload-time = "2025-10-26T22:09:56.413Z" }
wheels = [
    { url = "https://files.pythonhosted.org/packages/25/da/9b6bc9517f6a69d03b70f43c4cfd1cca6289fdccabcf648204f2b0c6bc9b/pysnmp-7.1.22-py3-none-any.whl", hash = "sha256:57e704a6ba2bbf571d16cd5dc08b89bb3fa0ebeb5f4f26b87fececad3b3de7a6", size = 343380, upload-time = "2025-10-26T22:09:54.816Z" },
]

[[package]]
name = "snmp2mqtt"
version = "0.1.0"
source = { editable = "." }
dependencies = [
    { name = "iot-daemonize" },
    { name = "pysnmp" },
]

[package.metadata]
requires-dist = [
    { name = "iot-daemonize" },
    { name = "pysnmp" },
]
